// !$*UTF8*$!
{
	archiveVersion = 1;
	classes = {
	};
	objectVersion = 56;
	objects = {

/* Begin PBXBuildFile section */
		782817D329B82D01001035C7 /* Glosario.md in Resources */ = {isa = PBXBuildFile; fileRef = 782817D229B82D01001035C7 /* Glosario.md */; };
		78BD47E92988D06B00E9AF4A /* AppDelegate.swift in Sources */ = {isa = PBXBuildFile; fileRef = 78BD47E82988D06B00E9AF4A /* AppDelegate.swift */; };
		78BD47EB2988D06B00E9AF4A /* SceneDelegate.swift in Sources */ = {isa = PBXBuildFile; fileRef = 78BD47EA2988D06B00E9AF4A /* SceneDelegate.swift */; };
		78BD47ED2988D06B00E9AF4A /* ViewController.swift in Sources */ = {isa = PBXBuildFile; fileRef = 78BD47EC2988D06B00E9AF4A /* ViewController.swift */; };
		78BD47F02988D06B00E9AF4A /* Main.storyboard in Resources */ = {isa = PBXBuildFile; fileRef = 78BD47EE2988D06B00E9AF4A /* Main.storyboard */; };
		78BD47F32988D06B00E9AF4A /* AprendiendoSwift.xcdatamodeld in Sources */ = {isa = PBXBuildFile; fileRef = 78BD47F12988D06B00E9AF4A /* AprendiendoSwift.xcdatamodeld */; };
		78BD47F52988D06C00E9AF4A /* Assets.xcassets in Resources */ = {isa = PBXBuildFile; fileRef = 78BD47F42988D06C00E9AF4A /* Assets.xcassets */; };
		78BD47F82988D06C00E9AF4A /* LaunchScreen.storyboard in Resources */ = {isa = PBXBuildFile; fileRef = 78BD47F62988D06C00E9AF4A /* LaunchScreen.storyboard */; };
		78BD48032988D06C00E9AF4A /* AprendiendoSwiftTests.swift in Sources */ = {isa = PBXBuildFile; fileRef = 78BD48022988D06C00E9AF4A /* AprendiendoSwiftTests.swift */; };
		78BD480D2988D06C00E9AF4A /* AprendiendoSwiftUITests.swift in Sources */ = {isa = PBXBuildFile; fileRef = 78BD480C2988D06C00E9AF4A /* AprendiendoSwiftUITests.swift */; };
		78BD480F2988D06C00E9AF4A /* AprendiendoSwiftUITestsLaunchTests.swift in Sources */ = {isa = PBXBuildFile; fileRef = 78BD480E2988D06C00E9AF4A /* AprendiendoSwiftUITestsLaunchTests.swift */; };
		78F339B929CCE331008FD3C3 /* OtherViewController.swift in Sources */ = {isa = PBXBuildFile; fileRef = 78F339B829CCE331008FD3C3 /* OtherViewController.swift */; };
/* End PBXBuildFile section */

/* Begin PBXContainerItemProxy section */
		78BD47FF2988D06C00E9AF4A /* PBXContainerItemProxy */ = {
			isa = PBXContainerItemProxy;
			containerPortal = 78BD47DD2988D06B00E9AF4A /* Project object */;
			proxyType = 1;
			remoteGlobalIDString = 78BD47E42988D06B00E9AF4A;
			remoteInfo = AprendiendoSwift;
		};
		78BD48092988D06C00E9AF4A /* PBXContainerItemProxy */ = {
			isa = PBXContainerItemProxy;
			containerPortal = 78BD47DD2988D06B00E9AF4A /* Project object */;
			proxyType = 1;
			remoteGlobalIDString = 78BD47E42988D06B00E9AF4A;
			remoteInfo = AprendiendoSwift;
		};
/* End PBXContainerItemProxy section */

/* Begin PBXFileReference section */
		78271F2429FA02750080CA2E /* Lesson 21 Documentation.playground */ = {isa = PBXFileReference; lastKnownFileType = file.playground; path = "Lesson 21 Documentation.playground"; sourceTree = "<group>"; xcLanguageSpecificationIdentifier = xcode.lang.swift; };
		78271F8F29FC45600080CA2E /* Lesson 21 Typealias.playground */ = {isa = PBXFileReference; lastKnownFileType = file.playground; path = "Lesson 21 Typealias.playground"; sourceTree = "<group>"; xcLanguageSpecificationIdentifier = xcode.lang.swift; };
		78271FB029FC98030080CA2E /* Lesson 13 Type casting and Down casting.playground */ = {isa = PBXFileReference; lastKnownFileType = file.playground; path = "Lesson 13 Type casting and Down casting.playground"; sourceTree = "<group>"; xcLanguageSpecificationIdentifier = xcode.lang.swift; };
		78271FBB29FD8BDE0080CA2E /* Lesson Design pattern - Delegate and Retain Cycle.playground */ = {isa = PBXFileReference; lastKnownFileType = file.playground; path = "Lesson Design pattern - Delegate and Retain Cycle.playground"; sourceTree = "<group>"; xcLanguageSpecificationIdentifier = xcode.lang.swift; };
		78271FBC29FD8BF30080CA2E /* Lesson Design pattern - Singleton.playground */ = {isa = PBXFileReference; lastKnownFileType = file.playground; path = "Lesson Design pattern - Singleton.playground"; sourceTree = "<group>"; xcLanguageSpecificationIdentifier = xcode.lang.swift; };
		78271FCC29FDE9540080CA2E /* Lesson 16 Weak and strong references.playground */ = {isa = PBXFileReference; lastKnownFileType = file.playground; path = "Lesson 16 Weak and strong references.playground"; sourceTree = "<group>"; xcLanguageSpecificationIdentifier = xcode.lang.swift; };
		78271FF92A0095A80080CA2E /* Lesson 1 Comments.playground */ = {isa = PBXFileReference; lastKnownFileType = file.playground; path = "Lesson 1 Comments.playground"; sourceTree = "<group>"; xcLanguageSpecificationIdentifier = xcode.lang.swift; };
		7827200E2A00B4980080CA2E /* Lesson 19 Async Await.playground */ = {isa = PBXFileReference; lastKnownFileType = file.playground; path = "Lesson 19 Async Await.playground"; sourceTree = "<group>"; xcLanguageSpecificationIdentifier = xcode.lang.swift; };
		7827202F2A01B2030080CA2E /* Lesson 3 Dictionary.playground */ = {isa = PBXFileReference; lastKnownFileType = file.playground; path = "Lesson 3 Dictionary.playground"; sourceTree = "<group>"; xcLanguageSpecificationIdentifier = xcode.lang.swift; };
		782720302A01B29C0080CA2E /* Lesson 21 Shortcuts.playground */ = {isa = PBXFileReference; lastKnownFileType = file.playground; path = "Lesson 21 Shortcuts.playground"; sourceTree = "<group>"; xcLanguageSpecificationIdentifier = xcode.lang.swift; };
		782720312A01B3A10080CA2E /* Lesson 3 Tuple.playground */ = {isa = PBXFileReference; lastKnownFileType = file.playground; path = "Lesson 3 Tuple.playground"; sourceTree = "<group>"; xcLanguageSpecificationIdentifier = xcode.lang.swift; };
		782720322A01B45C0080CA2E /* Lesson 3 Set.playground */ = {isa = PBXFileReference; lastKnownFileType = file.playground; path = "Lesson 3 Set.playground"; sourceTree = "<group>"; xcLanguageSpecificationIdentifier = xcode.lang.swift; };
		782720382A01B6CC0080CA2E /* Lesson 9 Higher Order Functions.playground */ = {isa = PBXFileReference; lastKnownFileType = file.playground; path = "Lesson 9 Higher Order Functions.playground"; sourceTree = "<group>"; xcLanguageSpecificationIdentifier = xcode.lang.swift; };
		7827203F2A01E41C0080CA2E /* Lesson 12 Result Type.playground */ = {isa = PBXFileReference; lastKnownFileType = file.playground; path = "Lesson 12 Result Type.playground"; sourceTree = "<group>"; xcLanguageSpecificationIdentifier = xcode.lang.swift; };
		782817D229B82D01001035C7 /* Glosario.md */ = {isa = PBXFileReference; lastKnownFileType = net.daringfireball.markdown; path = Glosario.md; sourceTree = "<group>"; };
		7853F63529E20FF6009D511C /* Lesson 1 Hello, playgroung.playground */ = {isa = PBXFileReference; lastKnownFileType = file.playground; path = "Lesson 1 Hello, playgroung.playground"; sourceTree = "<group>"; xcLanguageSpecificationIdentifier = xcode.lang.swift; };
		787454132A036A2D003761B3 /* Lesson 8 Closure Escaping.playground */ = {isa = PBXFileReference; lastKnownFileType = file.playground; path = "Lesson 8 Closure Escaping.playground"; sourceTree = "<group>"; xcLanguageSpecificationIdentifier = xcode.lang.swift; };
		787454232A043970003761B3 /* Lesson 16 Value type and Reference Type.playground */ = {isa = PBXFileReference; lastKnownFileType = file.playground; path = "Lesson 16 Value type and Reference Type.playground"; sourceTree = "<group>"; xcLanguageSpecificationIdentifier = xcode.lang.swift; };
		787454242A0439B9003761B3 /* Lesson 16 Automatic Reference Counting.playground */ = {isa = PBXFileReference; lastKnownFileType = file.playground; path = "Lesson 16 Automatic Reference Counting.playground"; sourceTree = "<group>"; xcLanguageSpecificationIdentifier = xcode.lang.swift; };
		7874542F2A04BF5D003761B3 /* Lesson 21 Access control.playground */ = {isa = PBXFileReference; lastKnownFileType = file.playground; path = "Lesson 21 Access control.playground"; sourceTree = "<group>"; xcLanguageSpecificationIdentifier = xcode.lang.swift; };
		787454302A04C152003761B3 /* Lesson 21 inout parameters.playground */ = {isa = PBXFileReference; lastKnownFileType = file.playground; path = "Lesson 21 inout parameters.playground"; sourceTree = "<group>"; xcLanguageSpecificationIdentifier = xcode.lang.swift; };
		787454312A04D4A0003761B3 /* Lesson 18 Generic Class.playground */ = {isa = PBXFileReference; lastKnownFileType = file.playground; path = "Lesson 18 Generic Class.playground"; sourceTree = "<group>"; xcLanguageSpecificationIdentifier = xcode.lang.swift; };
		787454322A04D638003761B3 /* Lesson 18 Type Constraints.playground */ = {isa = PBXFileReference; lastKnownFileType = file.playground; path = "Lesson 18 Type Constraints.playground"; sourceTree = "<group>"; xcLanguageSpecificationIdentifier = xcode.lang.swift; };
		78BD47E52988D06B00E9AF4A /* AprendiendoSwift.app */ = {isa = PBXFileReference; explicitFileType = wrapper.application; includeInIndex = 0; path = AprendiendoSwift.app; sourceTree = BUILT_PRODUCTS_DIR; };
		78BD47E82988D06B00E9AF4A /* AppDelegate.swift */ = {isa = PBXFileReference; lastKnownFileType = sourcecode.swift; path = AppDelegate.swift; sourceTree = "<group>"; };
		78BD47EA2988D06B00E9AF4A /* SceneDelegate.swift */ = {isa = PBXFileReference; lastKnownFileType = sourcecode.swift; path = SceneDelegate.swift; sourceTree = "<group>"; };
		78BD47EC2988D06B00E9AF4A /* ViewController.swift */ = {isa = PBXFileReference; lastKnownFileType = sourcecode.swift; path = ViewController.swift; sourceTree = "<group>"; };
		78BD47EF2988D06B00E9AF4A /* Base */ = {isa = PBXFileReference; lastKnownFileType = file.storyboard; name = Base; path = Base.lproj/Main.storyboard; sourceTree = "<group>"; };
		78BD47F22988D06B00E9AF4A /* AprendiendoSwift.xcdatamodel */ = {isa = PBXFileReference; lastKnownFileType = wrapper.xcdatamodel; path = AprendiendoSwift.xcdatamodel; sourceTree = "<group>"; };
		78BD47F42988D06C00E9AF4A /* Assets.xcassets */ = {isa = PBXFileReference; lastKnownFileType = folder.assetcatalog; path = Assets.xcassets; sourceTree = "<group>"; };
		78BD47F72988D06C00E9AF4A /* Base */ = {isa = PBXFileReference; lastKnownFileType = file.storyboard; name = Base; path = Base.lproj/LaunchScreen.storyboard; sourceTree = "<group>"; };
		78BD47F92988D06C00E9AF4A /* Info.plist */ = {isa = PBXFileReference; lastKnownFileType = text.plist.xml; path = Info.plist; sourceTree = "<group>"; };
		78BD47FE2988D06C00E9AF4A /* AprendiendoSwiftTests.xctest */ = {isa = PBXFileReference; explicitFileType = wrapper.cfbundle; includeInIndex = 0; path = AprendiendoSwiftTests.xctest; sourceTree = BUILT_PRODUCTS_DIR; };
		78BD48022988D06C00E9AF4A /* AprendiendoSwiftTests.swift */ = {isa = PBXFileReference; lastKnownFileType = sourcecode.swift; path = AprendiendoSwiftTests.swift; sourceTree = "<group>"; };
		78BD48082988D06C00E9AF4A /* AprendiendoSwiftUITests.xctest */ = {isa = PBXFileReference; explicitFileType = wrapper.cfbundle; includeInIndex = 0; path = AprendiendoSwiftUITests.xctest; sourceTree = BUILT_PRODUCTS_DIR; };
		78BD480C2988D06C00E9AF4A /* AprendiendoSwiftUITests.swift */ = {isa = PBXFileReference; lastKnownFileType = sourcecode.swift; path = AprendiendoSwiftUITests.swift; sourceTree = "<group>"; };
		78BD480E2988D06C00E9AF4A /* AprendiendoSwiftUITestsLaunchTests.swift */ = {isa = PBXFileReference; lastKnownFileType = sourcecode.swift; path = AprendiendoSwiftUITestsLaunchTests.swift; sourceTree = "<group>"; };
		78BD481D2988D3D800E9AF4A /* Lesson 2 Variables, Constants and Literals.playground */ = {isa = PBXFileReference; lastKnownFileType = file.playground; path = "Lesson 2 Variables, Constants and Literals.playground"; sourceTree = "<group>"; xcLanguageSpecificationIdentifier = xcode.lang.swift; };
		78BD481E298A29B400E9AF4A /* Lesson 2 Literals.playground */ = {isa = PBXFileReference; lastKnownFileType = file.playground; path = "Lesson 2 Literals.playground"; sourceTree = "<group>"; xcLanguageSpecificationIdentifier = xcode.lang.swift; };
		78BD4821298A2A7800E9AF4A /* Lesson 3 Array.playground */ = {isa = PBXFileReference; lastKnownFileType = file.playground; path = "Lesson 3 Array.playground"; sourceTree = "<group>"; xcLanguageSpecificationIdentifier = xcode.lang.swift; };
		78BD4822298A2ACB00E9AF4A /* Lesson 4 Enum.playground */ = {isa = PBXFileReference; lastKnownFileType = file.playground; path = "Lesson 4 Enum.playground"; sourceTree = "<group>"; xcLanguageSpecificationIdentifier = xcode.lang.swift; };
		78BD4823298A2B3300E9AF4A /* Lesson 5 Operators.playground */ = {isa = PBXFileReference; lastKnownFileType = file.playground; path = "Lesson 5 Operators.playground"; sourceTree = "<group>"; xcLanguageSpecificationIdentifier = xcode.lang.swift; };
		78BD4824298A2BAE00E9AF4A /* Lesson 6 Flow Control.playground */ = {isa = PBXFileReference; lastKnownFileType = file.playground; path = "Lesson 6 Flow Control.playground"; sourceTree = "<group>"; xcLanguageSpecificationIdentifier = xcode.lang.swift; };
		78BD4826298A2C8300E9AF4A /* Lesson 7 Functions.playground */ = {isa = PBXFileReference; lastKnownFileType = file.playground; path = "Lesson 7 Functions.playground"; sourceTree = "<group>"; xcLanguageSpecificationIdentifier = xcode.lang.swift; };
		78BD4827298A2C9C00E9AF4A /* Lesson 10 Struct and OOP.playground */ = {isa = PBXFileReference; lastKnownFileType = file.playground; path = "Lesson 10 Struct and OOP.playground"; sourceTree = "<group>"; xcLanguageSpecificationIdentifier = xcode.lang.swift; };
		78BD4828298A2CB300E9AF4A /* Lesson 11 Optional and Unwrapping.playground */ = {isa = PBXFileReference; lastKnownFileType = file.playground; path = "Lesson 11 Optional and Unwrapping.playground"; sourceTree = "<group>"; xcLanguageSpecificationIdentifier = xcode.lang.swift; };
		78BD4829298A2CC300E9AF4A /* Lesson 12 Error handling.playground */ = {isa = PBXFileReference; lastKnownFileType = file.playground; path = "Lesson 12 Error handling.playground"; sourceTree = "<group>"; xcLanguageSpecificationIdentifier = xcode.lang.swift; };
		78BD482A298A2CE600E9AF4A /* Lesson 14 Nested Types.playground */ = {isa = PBXFileReference; lastKnownFileType = file.playground; path = "Lesson 14 Nested Types.playground"; sourceTree = "<group>"; xcLanguageSpecificationIdentifier = xcode.lang.swift; };
		78BD482B298A2D0300E9AF4A /* Lesson 18 Generics Functions.playground */ = {isa = PBXFileReference; lastKnownFileType = file.playground; path = "Lesson 18 Generics Functions.playground"; sourceTree = "<group>"; xcLanguageSpecificationIdentifier = xcode.lang.swift; };
		78BD482C298A2D1300E9AF4A /* Lesson 15 Protocol.playground */ = {isa = PBXFileReference; lastKnownFileType = file.playground; path = "Lesson 15 Protocol.playground"; sourceTree = "<group>"; xcLanguageSpecificationIdentifier = xcode.lang.swift; };
		78BD483C2991E97F00E9AF4A /* Lesson 21 Marks in Swift.playground */ = {isa = PBXFileReference; lastKnownFileType = file.playground; path = "Lesson 21 Marks in Swift.playground"; sourceTree = "<group>"; xcLanguageSpecificationIdentifier = xcode.lang.swift; };
		78BD484F2997617A00E9AF4A /* Lesson 19 Networking (URLSession).playground */ = {isa = PBXFileReference; lastKnownFileType = file.playground; path = "Lesson 19 Networking (URLSession).playground"; sourceTree = "<group>"; xcLanguageSpecificationIdentifier = xcode.lang.swift; };
		78BD4850299D75E200E9AF4A /* Lesson 8 Closure Non Escaping.playground */ = {isa = PBXFileReference; lastKnownFileType = file.playground; path = "Lesson 8 Closure Non Escaping.playground"; sourceTree = "<group>"; xcLanguageSpecificationIdentifier = xcode.lang.swift; };
		78F339B829CCE331008FD3C3 /* OtherViewController.swift */ = {isa = PBXFileReference; lastKnownFileType = sourcecode.swift; path = OtherViewController.swift; sourceTree = "<group>"; };
		78F33A0B29D64CA9008FD3C3 /* Lesson 20 Regular expressions.playground */ = {isa = PBXFileReference; lastKnownFileType = file.playground; path = "Lesson 20 Regular expressions.playground"; sourceTree = "<group>"; xcLanguageSpecificationIdentifier = xcode.lang.swift; };
/* End PBXFileReference section */

/* Begin PBXFrameworksBuildPhase section */
		78BD47E22988D06B00E9AF4A /* Frameworks */ = {
			isa = PBXFrameworksBuildPhase;
			buildActionMask = 2147483647;
			files = (
			);
			runOnlyForDeploymentPostprocessing = 0;
		};
		78BD47FB2988D06C00E9AF4A /* Frameworks */ = {
			isa = PBXFrameworksBuildPhase;
			buildActionMask = 2147483647;
			files = (
			);
			runOnlyForDeploymentPostprocessing = 0;
		};
		78BD48052988D06C00E9AF4A /* Frameworks */ = {
			isa = PBXFrameworksBuildPhase;
			buildActionMask = 2147483647;
			files = (
			);
			runOnlyForDeploymentPostprocessing = 0;
		};
/* End PBXFrameworksBuildPhase section */

/* Begin PBXGroup section */
		78271EA829F469F80080CA2E /* Praxis */ = {
			isa = PBXGroup;
			children = (
			);
			path = Praxis;
			sourceTree = "<group>";
		};
		78271FF72A0095410080CA2E /* Lesson 1 Hello, playground! */ = {
			isa = PBXGroup;
			children = (
				7853F63529E20FF6009D511C /* Lesson 1 Hello, playgroung.playground */,
				78271FF92A0095A80080CA2E /* Lesson 1 Comments.playground */,
			);
			path = "Lesson 1 Hello, playground!";
			sourceTree = "<group>";
		};
		78271FFB2A0095E20080CA2E /* Lesson 2 Variables, Constants and Literals */ = {
			isa = PBXGroup;
			children = (
				78BD481D2988D3D800E9AF4A /* Lesson 2 Variables, Constants and Literals.playground */,
				78BD481E298A29B400E9AF4A /* Lesson 2 Literals.playground */,
			);
			path = "Lesson 2 Variables, Constants and Literals";
			sourceTree = "<group>";
		};
		78271FFC2A0096350080CA2E /* Lesson 3 Collections */ = {
			isa = PBXGroup;
			children = (
				782720332A01B5700080CA2E /* Lesson 3 Array */,
				782720362A01B58F0080CA2E /* Lesson 3 Dicctionary */,
				782720352A01B58B0080CA2E /* Lesson 3 Tuple */,
				782720342A01B5850080CA2E /* Lesson 3 Set */,
			);
			path = "Lesson 3 Collections";
			sourceTree = "<group>";
		};
		78271FFD2A00965C0080CA2E /* Lesson 4 Enum */ = {
			isa = PBXGroup;
			children = (
				78BD4822298A2ACB00E9AF4A /* Lesson 4 Enum.playground */,
			);
			path = "Lesson 4 Enum";
			sourceTree = "<group>";
		};
		78271FFE2A00968E0080CA2E /* Lesson 5 Operators */ = {
			isa = PBXGroup;
			children = (
				78BD4823298A2B3300E9AF4A /* Lesson 5 Operators.playground */,
			);
			path = "Lesson 5 Operators";
			sourceTree = "<group>";
		};
		78271FFF2A0096B70080CA2E /* Lesson 6 Control Flow */ = {
			isa = PBXGroup;
			children = (
				78BD4824298A2BAE00E9AF4A /* Lesson 6 Flow Control.playground */,
			);
			path = "Lesson 6 Control Flow";
			sourceTree = "<group>";
		};
		782720002A0096DB0080CA2E /* Lesson 7 Functions */ = {
			isa = PBXGroup;
			children = (
				78BD4826298A2C8300E9AF4A /* Lesson 7 Functions.playground */,
			);
			path = "Lesson 7 Functions";
			sourceTree = "<group>";
		};
		782720012A0096F60080CA2E /* Lesson 8 Closure */ = {
			isa = PBXGroup;
			children = (
				78BD4850299D75E200E9AF4A /* Lesson 8 Closure Non Escaping.playground */,
				787454132A036A2D003761B3 /* Lesson 8 Closure Escaping.playground */,
			);
			path = "Lesson 8 Closure";
			sourceTree = "<group>";
		};
		782720022A00971D0080CA2E /* Lesson 10 Struct and OOP */ = {
			isa = PBXGroup;
			children = (
				78BD4827298A2C9C00E9AF4A /* Lesson 10 Struct and OOP.playground */,
			);
			path = "Lesson 10 Struct and OOP";
			sourceTree = "<group>";
		};
		782720032A0097480080CA2E /* Lesson 11 Optional and Unwrapping */ = {
			isa = PBXGroup;
			children = (
				78BD4828298A2CB300E9AF4A /* Lesson 11 Optional and Unwrapping.playground */,
			);
			path = "Lesson 11 Optional and Unwrapping";
			sourceTree = "<group>";
		};
		782720042A0097640080CA2E /* Lesson 12 Error handling */ = {
			isa = PBXGroup;
			children = (
				78BD4829298A2CC300E9AF4A /* Lesson 12 Error handling.playground */,
				7827203F2A01E41C0080CA2E /* Lesson 12 Result Type.playground */,
			);
			path = "Lesson 12 Error handling";
			sourceTree = "<group>";
		};
		782720052A00978B0080CA2E /* Lesson 13 Type casting and Down casting */ = {
			isa = PBXGroup;
			children = (
				78271FB029FC98030080CA2E /* Lesson 13 Type casting and Down casting.playground */,
			);
			path = "Lesson 13 Type casting and Down casting";
			sourceTree = "<group>";
		};
		782720062A0097C00080CA2E /* Lesson 14 Nested Types */ = {
			isa = PBXGroup;
			children = (
				78BD482A298A2CE600E9AF4A /* Lesson 14 Nested Types.playground */,
			);
			path = "Lesson 14 Nested Types";
			sourceTree = "<group>";
		};
		782720072A0097E00080CA2E /* Lesson 15 Protocol */ = {
			isa = PBXGroup;
			children = (
				78BD482C298A2D1300E9AF4A /* Lesson 15 Protocol.playground */,
			);
			path = "Lesson 15 Protocol";
			sourceTree = "<group>";
		};
		782720082A0098100080CA2E /* Lesson 16 Automatic Reference Counting */ = {
			isa = PBXGroup;
			children = (
				787454232A043970003761B3 /* Lesson 16 Value type and Reference Type.playground */,
				78271FCC29FDE9540080CA2E /* Lesson 16 Weak and strong references.playground */,
				787454242A0439B9003761B3 /* Lesson 16 Automatic Reference Counting.playground */,
			);
			path = "Lesson 16 Automatic Reference Counting";
			sourceTree = "<group>";
		};
		782720092A0098D90080CA2E /* Lesson 17 Design patterns */ = {
			isa = PBXGroup;
			children = (
				78271FBB29FD8BDE0080CA2E /* Lesson Design pattern - Delegate and Retain Cycle.playground */,
				78271FBC29FD8BF30080CA2E /* Lesson Design pattern - Singleton.playground */,
			);
			path = "Lesson 17 Design patterns";
			sourceTree = "<group>";
		};
		7827200A2A0099AA0080CA2E /* Lesson 18 Generics */ = {
			isa = PBXGroup;
			children = (
				78BD482B298A2D0300E9AF4A /* Lesson 18 Generics Functions.playground */,
				787454312A04D4A0003761B3 /* Lesson 18 Generic Class.playground */,
				787454322A04D638003761B3 /* Lesson 18 Type Constraints.playground */,
			);
			path = "Lesson 18 Generics";
			sourceTree = "<group>";
		};
		7827200B2A0099C40080CA2E /* Lesson 21 Adittional Lessons */ = {
			isa = PBXGroup;
			children = (
				78271F8F29FC45600080CA2E /* Lesson 21 Typealias.playground */,
				7874542F2A04BF5D003761B3 /* Lesson 21 Access control.playground */,
				787454302A04C152003761B3 /* Lesson 21 inout parameters.playground */,
				78BD483C2991E97F00E9AF4A /* Lesson 21 Marks in Swift.playground */,
				78271F2429FA02750080CA2E /* Lesson 21 Documentation.playground */,
				782720302A01B29C0080CA2E /* Lesson 21 Shortcuts.playground */,
			);
			path = "Lesson 21 Adittional Lessons";
			sourceTree = "<group>";
		};
		7827200C2A009A420080CA2E /* Lesson 19 Networking (URLSession) */ = {
			isa = PBXGroup;
			children = (
				78BD484F2997617A00E9AF4A /* Lesson 19 Networking (URLSession).playground */,
				7827200E2A00B4980080CA2E /* Lesson 19 Async Await.playground */,
			);
			path = "Lesson 19 Networking (URLSession)";
			sourceTree = "<group>";
		};
		7827200D2A009A6A0080CA2E /* Lesson 20 Regular expressions */ = {
			isa = PBXGroup;
			children = (
				78F33A0B29D64CA9008FD3C3 /* Lesson 20 Regular expressions.playground */,
			);
			path = "Lesson 20 Regular expressions";
			sourceTree = "<group>";
		};
		782720332A01B5700080CA2E /* Lesson 3 Array */ = {
			isa = PBXGroup;
			children = (
				78BD4821298A2A7800E9AF4A /* Lesson 3 Array.playground */,
			);
			path = "Lesson 3 Array";
			sourceTree = "<group>";
		};
		782720342A01B5850080CA2E /* Lesson 3 Set */ = {
			isa = PBXGroup;
			children = (
				782720322A01B45C0080CA2E /* Lesson 3 Set.playground */,
			);
			path = "Lesson 3 Set";
			sourceTree = "<group>";
		};
		782720352A01B58B0080CA2E /* Lesson 3 Tuple */ = {
			isa = PBXGroup;
			children = (
				782720312A01B3A10080CA2E /* Lesson 3 Tuple.playground */,
			);
			path = "Lesson 3 Tuple";
			sourceTree = "<group>";
		};
		782720362A01B58F0080CA2E /* Lesson 3 Dicctionary */ = {
			isa = PBXGroup;
			children = (
				7827202F2A01B2030080CA2E /* Lesson 3 Dictionary.playground */,
			);
			path = "Lesson 3 Dicctionary";
			sourceTree = "<group>";
		};
		782720372A01B6A20080CA2E /* Lesson 9 Higher Order Functions */ = {
			isa = PBXGroup;
			children = (
				782720382A01B6CC0080CA2E /* Lesson 9 Higher Order Functions.playground */,
			);
			path = "Lesson 9 Higher Order Functions";
			sourceTree = "<group>";
		};
		78BD47DC2988D06B00E9AF4A = {
			isa = PBXGroup;
			children = (
				78BD47E72988D06B00E9AF4A /* AprendiendoSwift */,
				78BD48012988D06C00E9AF4A /* AprendiendoSwiftTests */,
				78BD480B2988D06C00E9AF4A /* AprendiendoSwiftUITests */,
				78BD47E62988D06B00E9AF4A /* Products */,
			);
			sourceTree = "<group>";
		};
		78BD47E62988D06B00E9AF4A /* Products */ = {
			isa = PBXGroup;
			children = (
				78BD47E52988D06B00E9AF4A /* AprendiendoSwift.app */,
				78BD47FE2988D06C00E9AF4A /* AprendiendoSwiftTests.xctest */,
				78BD48082988D06C00E9AF4A /* AprendiendoSwiftUITests.xctest */,
			);
			name = Products;
			sourceTree = "<group>";
		};
		78BD47E72988D06B00E9AF4A /* AprendiendoSwift */ = {
			isa = PBXGroup;
			children = (
				78BD481B2988D36500E9AF4A /* Theoria */,
				78271EA829F469F80080CA2E /* Praxis */,
				78BD47E82988D06B00E9AF4A /* AppDelegate.swift */,
				78BD47EA2988D06B00E9AF4A /* SceneDelegate.swift */,
				78BD47EC2988D06B00E9AF4A /* ViewController.swift */,
				78F339B829CCE331008FD3C3 /* OtherViewController.swift */,
				78BD47EE2988D06B00E9AF4A /* Main.storyboard */,
				78BD47F42988D06C00E9AF4A /* Assets.xcassets */,
				78BD47F62988D06C00E9AF4A /* LaunchScreen.storyboard */,
				78BD47F92988D06C00E9AF4A /* Info.plist */,
				78BD47F12988D06B00E9AF4A /* AprendiendoSwift.xcdatamodeld */,
			);
			path = AprendiendoSwift;
			sourceTree = "<group>";
		};
		78BD48012988D06C00E9AF4A /* AprendiendoSwiftTests */ = {
			isa = PBXGroup;
			children = (
				78BD48022988D06C00E9AF4A /* AprendiendoSwiftTests.swift */,
			);
			path = AprendiendoSwiftTests;
			sourceTree = "<group>";
		};
		78BD480B2988D06C00E9AF4A /* AprendiendoSwiftUITests */ = {
			isa = PBXGroup;
			children = (
				78BD480C2988D06C00E9AF4A /* AprendiendoSwiftUITests.swift */,
				78BD480E2988D06C00E9AF4A /* AprendiendoSwiftUITestsLaunchTests.swift */,
			);
			path = AprendiendoSwiftUITests;
			sourceTree = "<group>";
		};
		78BD481B2988D36500E9AF4A /* Theoria */ = {
			isa = PBXGroup;
			children = (
				78271FF72A0095410080CA2E /* Lesson 1 Hello, playground! */,
				78271FFB2A0095E20080CA2E /* Lesson 2 Variables, Constants and Literals */,
				78271FFC2A0096350080CA2E /* Lesson 3 Collections */,
				78271FFD2A00965C0080CA2E /* Lesson 4 Enum */,
				78271FFE2A00968E0080CA2E /* Lesson 5 Operators */,
				78271FFF2A0096B70080CA2E /* Lesson 6 Control Flow */,
				782720002A0096DB0080CA2E /* Lesson 7 Functions */,
				782720012A0096F60080CA2E /* Lesson 8 Closure */,
				782720372A01B6A20080CA2E /* Lesson 9 Higher Order Functions */,
				782720022A00971D0080CA2E /* Lesson 10 Struct and OOP */,
				782720032A0097480080CA2E /* Lesson 11 Optional and Unwrapping */,
				782720042A0097640080CA2E /* Lesson 12 Error handling */,
				782720052A00978B0080CA2E /* Lesson 13 Type casting and Down casting */,
				782720062A0097C00080CA2E /* Lesson 14 Nested Types */,
				782720072A0097E00080CA2E /* Lesson 15 Protocol */,
				782720082A0098100080CA2E /* Lesson 16 Automatic Reference Counting */,
				782720092A0098D90080CA2E /* Lesson 17 Design patterns */,
				7827200A2A0099AA0080CA2E /* Lesson 18 Generics */,
				7827200C2A009A420080CA2E /* Lesson 19 Networking (URLSession) */,
				7827200D2A009A6A0080CA2E /* Lesson 20 Regular expressions */,
				7827200B2A0099C40080CA2E /* Lesson 21 Adittional Lessons */,
				782817D229B82D01001035C7 /* Glosario.md */,
			);
			path = Theoria;
			sourceTree = "<group>";
		};
/* End PBXGroup section */

/* Begin PBXNativeTarget section */
		78BD47E42988D06B00E9AF4A /* AprendiendoSwift */ = {
			isa = PBXNativeTarget;
			buildConfigurationList = 78BD48122988D06C00E9AF4A /* Build configuration list for PBXNativeTarget "AprendiendoSwift" */;
			buildPhases = (
				78BD47E12988D06B00E9AF4A /* Sources */,
				78BD47E22988D06B00E9AF4A /* Frameworks */,
				78BD47E32988D06B00E9AF4A /* Resources */,
			);
			buildRules = (
			);
			dependencies = (
			);
			name = AprendiendoSwift;
			productName = AprendiendoSwift;
			productReference = 78BD47E52988D06B00E9AF4A /* AprendiendoSwift.app */;
			productType = "com.apple.product-type.application";
		};
		78BD47FD2988D06C00E9AF4A /* AprendiendoSwiftTests */ = {
			isa = PBXNativeTarget;
			buildConfigurationList = 78BD48152988D06C00E9AF4A /* Build configuration list for PBXNativeTarget "AprendiendoSwiftTests" */;
			buildPhases = (
				78BD47FA2988D06C00E9AF4A /* Sources */,
				78BD47FB2988D06C00E9AF4A /* Frameworks */,
				78BD47FC2988D06C00E9AF4A /* Resources */,
			);
			buildRules = (
			);
			dependencies = (
				78BD48002988D06C00E9AF4A /* PBXTargetDependency */,
			);
			name = AprendiendoSwiftTests;
			productName = AprendiendoSwiftTests;
			productReference = 78BD47FE2988D06C00E9AF4A /* AprendiendoSwiftTests.xctest */;
			productType = "com.apple.product-type.bundle.unit-test";
		};
		78BD48072988D06C00E9AF4A /* AprendiendoSwiftUITests */ = {
			isa = PBXNativeTarget;
			buildConfigurationList = 78BD48182988D06C00E9AF4A /* Build configuration list for PBXNativeTarget "AprendiendoSwiftUITests" */;
			buildPhases = (
				78BD48042988D06C00E9AF4A /* Sources */,
				78BD48052988D06C00E9AF4A /* Frameworks */,
				78BD48062988D06C00E9AF4A /* Resources */,
			);
			buildRules = (
			);
			dependencies = (
				78BD480A2988D06C00E9AF4A /* PBXTargetDependency */,
			);
			name = AprendiendoSwiftUITests;
			productName = AprendiendoSwiftUITests;
			productReference = 78BD48082988D06C00E9AF4A /* AprendiendoSwiftUITests.xctest */;
			productType = "com.apple.product-type.bundle.ui-testing";
		};
/* End PBXNativeTarget section */

/* Begin PBXProject section */
		78BD47DD2988D06B00E9AF4A /* Project object */ = {
			isa = PBXProject;
			attributes = {
				BuildIndependentTargetsInParallel = 1;
				LastSwiftUpdateCheck = 1420;
				LastUpgradeCheck = 1420;
				TargetAttributes = {
					78BD47E42988D06B00E9AF4A = {
						CreatedOnToolsVersion = 14.2;
					};
					78BD47FD2988D06C00E9AF4A = {
						CreatedOnToolsVersion = 14.2;
						TestTargetID = 78BD47E42988D06B00E9AF4A;
					};
					78BD48072988D06C00E9AF4A = {
						CreatedOnToolsVersion = 14.2;
						TestTargetID = 78BD47E42988D06B00E9AF4A;
					};
				};
			};
			buildConfigurationList = 78BD47E02988D06B00E9AF4A /* Build configuration list for PBXProject "AprendiendoSwift" */;
			compatibilityVersion = "Xcode 14.0";
			developmentRegion = en;
			hasScannedForEncodings = 0;
			knownRegions = (
				en,
				Base,
			);
			mainGroup = 78BD47DC2988D06B00E9AF4A;
			productRefGroup = 78BD47E62988D06B00E9AF4A /* Products */;
			projectDirPath = "";
			projectRoot = "";
			targets = (
				78BD47E42988D06B00E9AF4A /* AprendiendoSwift */,
				78BD47FD2988D06C00E9AF4A /* AprendiendoSwiftTests */,
				78BD48072988D06C00E9AF4A /* AprendiendoSwiftUITests */,
			);
		};
/* End PBXProject section */

/* Begin PBXResourcesBuildPhase section */
		78BD47E32988D06B00E9AF4A /* Resources */ = {
			isa = PBXResourcesBuildPhase;
			buildActionMask = 2147483647;
			files = (
				78BD47F82988D06C00E9AF4A /* LaunchScreen.storyboard in Resources */,
				78BD47F52988D06C00E9AF4A /* Assets.xcassets in Resources */,
				782817D329B82D01001035C7 /* Glosario.md in Resources */,
				78BD47F02988D06B00E9AF4A /* Main.storyboard in Resources */,
			);
			runOnlyForDeploymentPostprocessing = 0;
		};
		78BD47FC2988D06C00E9AF4A /* Resources */ = {
			isa = PBXResourcesBuildPhase;
			buildActionMask = 2147483647;
			files = (
			);
			runOnlyForDeploymentPostprocessing = 0;
		};
		78BD48062988D06C00E9AF4A /* Resources */ = {
			isa = PBXResourcesBuildPhase;
			buildActionMask = 2147483647;
			files = (
			);
			runOnlyForDeploymentPostprocessing = 0;
		};
/* End PBXResourcesBuildPhase section */

/* Begin PBXSourcesBuildPhase section */
		78BD47E12988D06B00E9AF4A /* Sources */ = {
			isa = PBXSourcesBuildPhase;
			buildActionMask = 2147483647;
			files = (
				78BD47ED2988D06B00E9AF4A /* ViewController.swift in Sources */,
				78BD47E92988D06B00E9AF4A /* AppDelegate.swift in Sources */,
				78BD47EB2988D06B00E9AF4A /* SceneDelegate.swift in Sources */,
				78BD47F32988D06B00E9AF4A /* AprendiendoSwift.xcdatamodeld in Sources */,
				78F339B929CCE331008FD3C3 /* OtherViewController.swift in Sources */,
			);
			runOnlyForDeploymentPostprocessing = 0;
		};
		78BD47FA2988D06C00E9AF4A /* Sources */ = {
			isa = PBXSourcesBuildPhase;
			buildActionMask = 2147483647;
			files = (
				78BD48032988D06C00E9AF4A /* AprendiendoSwiftTests.swift in Sources */,
			);
			runOnlyForDeploymentPostprocessing = 0;
		};
		78BD48042988D06C00E9AF4A /* Sources */ = {
			isa = PBXSourcesBuildPhase;
			buildActionMask = 2147483647;
			files = (
				78BD480F2988D06C00E9AF4A /* AprendiendoSwiftUITestsLaunchTests.swift in Sources */,
				78BD480D2988D06C00E9AF4A /* AprendiendoSwiftUITests.swift in Sources */,
			);
			runOnlyForDeploymentPostprocessing = 0;
		};
/* End PBXSourcesBuildPhase section */

/* Begin PBXTargetDependency section */
		78BD48002988D06C00E9AF4A /* PBXTargetDependency */ = {
			isa = PBXTargetDependency;
			target = 78BD47E42988D06B00E9AF4A /* AprendiendoSwift */;
			targetProxy = 78BD47FF2988D06C00E9AF4A /* PBXContainerItemProxy */;
		};
		78BD480A2988D06C00E9AF4A /* PBXTargetDependency */ = {
			isa = PBXTargetDependency;
			target = 78BD47E42988D06B00E9AF4A /* AprendiendoSwift */;
			targetProxy = 78BD48092988D06C00E9AF4A /* PBXContainerItemProxy */;
		};
/* End PBXTargetDependency section */

/* Begin PBXVariantGroup section */
		78BD47EE2988D06B00E9AF4A /* Main.storyboard */ = {
			isa = PBXVariantGroup;
			children = (
				78BD47EF2988D06B00E9AF4A /* Base */,
			);
			name = Main.storyboard;
			sourceTree = "<group>";
		};
		78BD47F62988D06C00E9AF4A /* LaunchScreen.storyboard */ = {
			isa = PBXVariantGroup;
			children = (
				78BD47F72988D06C00E9AF4A /* Base */,
			);
			name = LaunchScreen.storyboard;
			sourceTree = "<group>";
		};
/* End PBXVariantGroup section */

/* Begin XCBuildConfiguration section */
		78BD48102988D06C00E9AF4A /* Debug */ = {
			isa = XCBuildConfiguration;
			buildSettings = {
				ALWAYS_SEARCH_USER_PATHS = NO;
				CLANG_ANALYZER_NONNULL = YES;
				CLANG_ANALYZER_NUMBER_OBJECT_CONVERSION = YES_AGGRESSIVE;
				CLANG_CXX_LANGUAGE_STANDARD = "gnu++20";
				CLANG_ENABLE_MODULES = YES;
				CLANG_ENABLE_OBJC_ARC = YES;
				CLANG_ENABLE_OBJC_WEAK = YES;
				CLANG_WARN_BLOCK_CAPTURE_AUTORELEASING = YES;
				CLANG_WARN_BOOL_CONVERSION = YES;
				CLANG_WARN_COMMA = YES;
				CLANG_WARN_CONSTANT_CONVERSION = YES;
				CLANG_WARN_DEPRECATED_OBJC_IMPLEMENTATIONS = YES;
				CLANG_WARN_DIRECT_OBJC_ISA_USAGE = YES_ERROR;
				CLANG_WARN_DOCUMENTATION_COMMENTS = YES;
				CLANG_WARN_EMPTY_BODY = YES;
				CLANG_WARN_ENUM_CONVERSION = YES;
				CLANG_WARN_INFINITE_RECURSION = YES;
				CLANG_WARN_INT_CONVERSION = YES;
				CLANG_WARN_NON_LITERAL_NULL_CONVERSION = YES;
				CLANG_WARN_OBJC_IMPLICIT_RETAIN_SELF = YES;
				CLANG_WARN_OBJC_LITERAL_CONVERSION = YES;
				CLANG_WARN_OBJC_ROOT_CLASS = YES_ERROR;
				CLANG_WARN_QUOTED_INCLUDE_IN_FRAMEWORK_HEADER = YES;
				CLANG_WARN_RANGE_LOOP_ANALYSIS = YES;
				CLANG_WARN_STRICT_PROTOTYPES = YES;
				CLANG_WARN_SUSPICIOUS_MOVE = YES;
				CLANG_WARN_UNGUARDED_AVAILABILITY = YES_AGGRESSIVE;
				CLANG_WARN_UNREACHABLE_CODE = YES;
				CLANG_WARN__DUPLICATE_METHOD_MATCH = YES;
				COPY_PHASE_STRIP = NO;
				DEBUG_INFORMATION_FORMAT = dwarf;
				ENABLE_STRICT_OBJC_MSGSEND = YES;
				ENABLE_TESTABILITY = YES;
				GCC_C_LANGUAGE_STANDARD = gnu11;
				GCC_DYNAMIC_NO_PIC = NO;
				GCC_NO_COMMON_BLOCKS = YES;
				GCC_OPTIMIZATION_LEVEL = 0;
				GCC_PREPROCESSOR_DEFINITIONS = (
					"DEBUG=1",
					"$(inherited)",
				);
				GCC_WARN_64_TO_32_BIT_CONVERSION = YES;
				GCC_WARN_ABOUT_RETURN_TYPE = YES_ERROR;
				GCC_WARN_UNDECLARED_SELECTOR = YES;
				GCC_WARN_UNINITIALIZED_AUTOS = YES_AGGRESSIVE;
				GCC_WARN_UNUSED_FUNCTION = YES;
				GCC_WARN_UNUSED_VARIABLE = YES;
				IPHONEOS_DEPLOYMENT_TARGET = 16.2;
				MTL_ENABLE_DEBUG_INFO = INCLUDE_SOURCE;
				MTL_FAST_MATH = YES;
				ONLY_ACTIVE_ARCH = YES;
				SDKROOT = iphoneos;
				SWIFT_ACTIVE_COMPILATION_CONDITIONS = DEBUG;
				SWIFT_OPTIMIZATION_LEVEL = "-Onone";
			};
			name = Debug;
		};
		78BD48112988D06C00E9AF4A /* Release */ = {
			isa = XCBuildConfiguration;
			buildSettings = {
				ALWAYS_SEARCH_USER_PATHS = NO;
				CLANG_ANALYZER_NONNULL = YES;
				CLANG_ANALYZER_NUMBER_OBJECT_CONVERSION = YES_AGGRESSIVE;
				CLANG_CXX_LANGUAGE_STANDARD = "gnu++20";
				CLANG_ENABLE_MODULES = YES;
				CLANG_ENABLE_OBJC_ARC = YES;
				CLANG_ENABLE_OBJC_WEAK = YES;
				CLANG_WARN_BLOCK_CAPTURE_AUTORELEASING = YES;
				CLANG_WARN_BOOL_CONVERSION = YES;
				CLANG_WARN_COMMA = YES;
				CLANG_WARN_CONSTANT_CONVERSION = YES;
				CLANG_WARN_DEPRECATED_OBJC_IMPLEMENTATIONS = YES;
				CLANG_WARN_DIRECT_OBJC_ISA_USAGE = YES_ERROR;
				CLANG_WARN_DOCUMENTATION_COMMENTS = YES;
				CLANG_WARN_EMPTY_BODY = YES;
				CLANG_WARN_ENUM_CONVERSION = YES;
				CLANG_WARN_INFINITE_RECURSION = YES;
				CLANG_WARN_INT_CONVERSION = YES;
				CLANG_WARN_NON_LITERAL_NULL_CONVERSION = YES;
				CLANG_WARN_OBJC_IMPLICIT_RETAIN_SELF = YES;
				CLANG_WARN_OBJC_LITERAL_CONVERSION = YES;
				CLANG_WARN_OBJC_ROOT_CLASS = YES_ERROR;
				CLANG_WARN_QUOTED_INCLUDE_IN_FRAMEWORK_HEADER = YES;
				CLANG_WARN_RANGE_LOOP_ANALYSIS = YES;
				CLANG_WARN_STRICT_PROTOTYPES = YES;
				CLANG_WARN_SUSPICIOUS_MOVE = YES;
				CLANG_WARN_UNGUARDED_AVAILABILITY = YES_AGGRESSIVE;
				CLANG_WARN_UNREACHABLE_CODE = YES;
				CLANG_WARN__DUPLICATE_METHOD_MATCH = YES;
				COPY_PHASE_STRIP = NO;
				DEBUG_INFORMATION_FORMAT = "dwarf-with-dsym";
				ENABLE_NS_ASSERTIONS = NO;
				ENABLE_STRICT_OBJC_MSGSEND = YES;
				GCC_C_LANGUAGE_STANDARD = gnu11;
				GCC_NO_COMMON_BLOCKS = YES;
				GCC_WARN_64_TO_32_BIT_CONVERSION = YES;
				GCC_WARN_ABOUT_RETURN_TYPE = YES_ERROR;
				GCC_WARN_UNDECLARED_SELECTOR = YES;
				GCC_WARN_UNINITIALIZED_AUTOS = YES_AGGRESSIVE;
				GCC_WARN_UNUSED_FUNCTION = YES;
				GCC_WARN_UNUSED_VARIABLE = YES;
				IPHONEOS_DEPLOYMENT_TARGET = 16.2;
				MTL_ENABLE_DEBUG_INFO = NO;
				MTL_FAST_MATH = YES;
				SDKROOT = iphoneos;
				SWIFT_COMPILATION_MODE = wholemodule;
				SWIFT_OPTIMIZATION_LEVEL = "-O";
				VALIDATE_PRODUCT = YES;
			};
			name = Release;
		};
		78BD48132988D06C00E9AF4A /* Debug */ = {
			isa = XCBuildConfiguration;
			buildSettings = {
				ASSETCATALOG_COMPILER_APPICON_NAME = AppIcon;
				ASSETCATALOG_COMPILER_GLOBAL_ACCENT_COLOR_NAME = AccentColor;
				CODE_SIGN_STYLE = Automatic;
				CURRENT_PROJECT_VERSION = 1;
				DEVELOPMENT_TEAM = DAUV2YZAPY;
				GENERATE_INFOPLIST_FILE = YES;
				INFOPLIST_FILE = AprendiendoSwift/Info.plist;
				INFOPLIST_KEY_UIApplicationSupportsIndirectInputEvents = YES;
				INFOPLIST_KEY_UILaunchStoryboardName = LaunchScreen;
				INFOPLIST_KEY_UIMainStoryboardFile = Main;
				INFOPLIST_KEY_UISupportedInterfaceOrientations_iPad = "UIInterfaceOrientationPortrait UIInterfaceOrientationPortraitUpsideDown UIInterfaceOrientationLandscapeLeft UIInterfaceOrientationLandscapeRight";
				INFOPLIST_KEY_UISupportedInterfaceOrientations_iPhone = "UIInterfaceOrientationPortrait UIInterfaceOrientationLandscapeLeft UIInterfaceOrientationLandscapeRight";
				LD_RUNPATH_SEARCH_PATHS = (
					"$(inherited)",
					"@executable_path/Frameworks",
				);
				MARKETING_VERSION = 1.0;
				PRODUCT_BUNDLE_IDENTIFIER = com.miguelulloa.AprendiendoSwift;
				PRODUCT_NAME = "$(TARGET_NAME)";
				SWIFT_EMIT_LOC_STRINGS = YES;
				SWIFT_VERSION = 5.0;
				TARGETED_DEVICE_FAMILY = "1,2";
			};
			name = Debug;
		};
		78BD48142988D06C00E9AF4A /* Release */ = {
			isa = XCBuildConfiguration;
			buildSettings = {
				ASSETCATALOG_COMPILER_APPICON_NAME = AppIcon;
				ASSETCATALOG_COMPILER_GLOBAL_ACCENT_COLOR_NAME = AccentColor;
				CODE_SIGN_STYLE = Automatic;
				CURRENT_PROJECT_VERSION = 1;
				DEVELOPMENT_TEAM = DAUV2YZAPY;
				GENERATE_INFOPLIST_FILE = YES;
				INFOPLIST_FILE = AprendiendoSwift/Info.plist;
				INFOPLIST_KEY_UIApplicationSupportsIndirectInputEvents = YES;
				INFOPLIST_KEY_UILaunchStoryboardName = LaunchScreen;
				INFOPLIST_KEY_UIMainStoryboardFile = Main;
				INFOPLIST_KEY_UISupportedInterfaceOrientations_iPad = "UIInterfaceOrientationPortrait UIInterfaceOrientationPortraitUpsideDown UIInterfaceOrientationLandscapeLeft UIInterfaceOrientationLandscapeRight";
				INFOPLIST_KEY_UISupportedInterfaceOrientations_iPhone = "UIInterfaceOrientationPortrait UIInterfaceOrientationLandscapeLeft UIInterfaceOrientationLandscapeRight";
				LD_RUNPATH_SEARCH_PATHS = (
					"$(inherited)",
					"@executable_path/Frameworks",
				);
				MARKETING_VERSION = 1.0;
				PRODUCT_BUNDLE_IDENTIFIER = com.miguelulloa.AprendiendoSwift;
				PRODUCT_NAME = "$(TARGET_NAME)";
				SWIFT_EMIT_LOC_STRINGS = YES;
				SWIFT_VERSION = 5.0;
				TARGETED_DEVICE_FAMILY = "1,2";
			};
			name = Release;
		};
		78BD48162988D06C00E9AF4A /* Debug */ = {
			isa = XCBuildConfiguration;
			buildSettings = {
				ALWAYS_EMBED_SWIFT_STANDARD_LIBRARIES = YES;
				BUNDLE_LOADER = "$(TEST_HOST)";
				CODE_SIGN_STYLE = Automatic;
				CURRENT_PROJECT_VERSION = 1;
				DEVELOPMENT_TEAM = DAUV2YZAPY;
				GENERATE_INFOPLIST_FILE = YES;
				IPHONEOS_DEPLOYMENT_TARGET = 16.2;
				MARKETING_VERSION = 1.0;
				PRODUCT_BUNDLE_IDENTIFIER = com.miguelulloa.AprendiendoSwiftTests;
				PRODUCT_NAME = "$(TARGET_NAME)";
				SWIFT_EMIT_LOC_STRINGS = NO;
				SWIFT_VERSION = 5.0;
				TARGETED_DEVICE_FAMILY = "1,2";
				TEST_HOST = "$(BUILT_PRODUCTS_DIR)/AprendiendoSwift.app/$(BUNDLE_EXECUTABLE_FOLDER_PATH)/AprendiendoSwift";
			};
			name = Debug;
		};
		78BD48172988D06C00E9AF4A /* Release */ = {
			isa = XCBuildConfiguration;
			buildSettings = {
				ALWAYS_EMBED_SWIFT_STANDARD_LIBRARIES = YES;
				BUNDLE_LOADER = "$(TEST_HOST)";
				CODE_SIGN_STYLE = Automatic;
				CURRENT_PROJECT_VERSION = 1;
				DEVELOPMENT_TEAM = DAUV2YZAPY;
				GENERATE_INFOPLIST_FILE = YES;
				IPHONEOS_DEPLOYMENT_TARGET = 16.2;
				MARKETING_VERSION = 1.0;
				PRODUCT_BUNDLE_IDENTIFIER = com.miguelulloa.AprendiendoSwiftTests;
				PRODUCT_NAME = "$(TARGET_NAME)";
				SWIFT_EMIT_LOC_STRINGS = NO;
				SWIFT_VERSION = 5.0;
				TARGETED_DEVICE_FAMILY = "1,2";
				TEST_HOST = "$(BUILT_PRODUCTS_DIR)/AprendiendoSwift.app/$(BUNDLE_EXECUTABLE_FOLDER_PATH)/AprendiendoSwift";
			};
			name = Release;
		};
		78BD48192988D06C00E9AF4A /* Debug */ = {
			isa = XCBuildConfiguration;
			buildSettings = {
				ALWAYS_EMBED_SWIFT_STANDARD_LIBRARIES = YES;
				CODE_SIGN_STYLE = Automatic;
				CURRENT_PROJECT_VERSION = 1;
				DEVELOPMENT_TEAM = DAUV2YZAPY;
				GENERATE_INFOPLIST_FILE = YES;
				MARKETING_VERSION = 1.0;
				PRODUCT_BUNDLE_IDENTIFIER = com.miguelulloa.AprendiendoSwiftUITests;
				PRODUCT_NAME = "$(TARGET_NAME)";
				SWIFT_EMIT_LOC_STRINGS = NO;
				SWIFT_VERSION = 5.0;
				TARGETED_DEVICE_FAMILY = "1,2";
				TEST_TARGET_NAME = AprendiendoSwift;
			};
			name = Debug;
		};
		78BD481A2988D06C00E9AF4A /* Release */ = {
			isa = XCBuildConfiguration;
			buildSettings = {
				ALWAYS_EMBED_SWIFT_STANDARD_LIBRARIES = YES;
				CODE_SIGN_STYLE = Automatic;
				CURRENT_PROJECT_VERSION = 1;
				DEVELOPMENT_TEAM = DAUV2YZAPY;
				GENERATE_INFOPLIST_FILE = YES;
				MARKETING_VERSION = 1.0;
				PRODUCT_BUNDLE_IDENTIFIER = com.miguelulloa.AprendiendoSwiftUITests;
				PRODUCT_NAME = "$(TARGET_NAME)";
				SWIFT_EMIT_LOC_STRINGS = NO;
				SWIFT_VERSION = 5.0;
				TARGETED_DEVICE_FAMILY = "1,2";
				TEST_TARGET_NAME = AprendiendoSwift;
			};
			name = Release;
		};
/* End XCBuildConfiguration section */

/* Begin XCConfigurationList section */
		78BD47E02988D06B00E9AF4A /* Build configuration list for PBXProject "AprendiendoSwift" */ = {
			isa = XCConfigurationList;
			buildConfigurations = (
				78BD48102988D06C00E9AF4A /* Debug */,
				78BD48112988D06C00E9AF4A /* Release */,
			);
			defaultConfigurationIsVisible = 0;
			defaultConfigurationName = Release;
		};
		78BD48122988D06C00E9AF4A /* Build configuration list for PBXNativeTarget "AprendiendoSwift" */ = {
			isa = XCConfigurationList;
			buildConfigurations = (
				78BD48132988D06C00E9AF4A /* Debug */,
				78BD48142988D06C00E9AF4A /* Release */,
			);
			defaultConfigurationIsVisible = 0;
			defaultConfigurationName = Release;
		};
		78BD48152988D06C00E9AF4A /* Build configuration list for PBXNativeTarget "AprendiendoSwiftTests" */ = {
			isa = XCConfigurationList;
			buildConfigurations = (
				78BD48162988D06C00E9AF4A /* Debug */,
				78BD48172988D06C00E9AF4A /* Release */,
			);
			defaultConfigurationIsVisible = 0;
			defaultConfigurationName = Release;
		};
		78BD48182988D06C00E9AF4A /* Build configuration list for PBXNativeTarget "AprendiendoSwiftUITests" */ = {
			isa = XCConfigurationList;
			buildConfigurations = (
				78BD48192988D06C00E9AF4A /* Debug */,
				78BD481A2988D06C00E9AF4A /* Release */,
			);
			defaultConfigurationIsVisible = 0;
			defaultConfigurationName = Release;
		};
/* End XCConfigurationList section */

/* Begin XCVersionGroup section */
		78BD47F12988D06B00E9AF4A /* AprendiendoSwift.xcdatamodeld */ = {
			isa = XCVersionGroup;
			children = (
				78BD47F22988D06B00E9AF4A /* AprendiendoSwift.xcdatamodel */,
			);
			currentVersion = 78BD47F22988D06B00E9AF4A /* AprendiendoSwift.xcdatamodel */;
			path = AprendiendoSwift.xcdatamodeld;
			sourceTree = "<group>";
			versionGroupType = wrapper.xcdatamodel;
		};
/* End XCVersionGroup section */
	};
	rootObject = 78BD47DD2988D06B00E9AF4A /* Project object */;
}
